
Microsoft Visual Studio Solution File, Format Version 12.00
# Visual Studio 15
VisualStudioVersion = 15.0.27703.2035
MinimumVisualStudioVersion = 10.0.40219.1
Project("{FAE04EC0-301F-11D3-BF4B-00C04F79EFBC}") = "RoadStatus", "RoadStatus\RoadStatus.csproj", "{E1176A37-1352-48C1-BD37-D954A1D51101}"
EndProject
Project("{FAE04EC0-301F-11D3-BF4B-00C04F79EFBC}") = "RoadStatusTdd", "RoadStatusTdd\RoadStatusTdd.csproj", "{3073E673-853D-4662-87FB-E5439F4F1E2D}"
EndProject
Global
	GlobalSection(SolutionConfigurationPlatforms) = preSolution
		Debug|Any CPU = Debug|Any CPU
		Release|Any CPU = Release|Any CPU
	EndGlobalSection
	GlobalSection(ProjectConfigurationPlatforms) = postSolution
		{E1176A37-1352-48C1-BD37-D954A1D51101}.Debug|Any CPU.ActiveCfg = Debug|Any CPU
		{E1176A37-1352-48C1-BD37-D954A1D51101}.Debug|Any CPU.Build.0 = Debug|Any CPU
		{E1176A37-1352-48C1-BD37-D954A1D51101}.Release|Any CPU.ActiveCfg = Release|Any CPU
		{E1176A37-1352-48C1-BD37-D954A1D51101}.Release|Any CPU.Build.0 = Release|Any CPU
		{3073E673-853D-4662-87FB-E5439F4F1E2D}.Debug|Any CPU.ActiveCfg = Debug|Any CPU
		{3073E673-853D-4662-87FB-E5439F4F1E2D}.Debug|Any CPU.Build.0 = Debug|Any CPU
		{3073E673-853D-4662-87FB-E5439F4F1E2D}.Release|Any CPU.ActiveCfg = Release|Any CPU
		{3073E673-853D-4662-87FB-E5439F4F1E2D}.Release|Any CPU.Build.0 = Release|Any CPU
	EndGlobalSection
	GlobalSection(SolutionProperties) = preSolution
		HideSolutionNode = FALSE
	EndGlobalSection
	GlobalSection(ExtensibilityGlobals) = postSolution
		SolutionGuid = {965F65B0-C4BC-40AF-B026-A9E9D45B80F8}
	EndGlobalSection
EndGlobal
